PODS:
  - Flutter (1.0.0)
  - ios_user_defaults (0.0.1):
    - Flutter

DEPENDENCIES:
  - Flutter (from `.symlinks/flutter/ios`)
  - ios_user_defaults (from `.symlinks/plugins/ios_user_defaults/ios`)

EXTERNAL SOURCES:
  Flutter:
    :path: ".symlinks/flutter/ios"
  ios_user_defaults:
    :path: ".symlinks/plugins/ios_user_defaults/ios"

SPEC CHECKSUMS:
  Flutter: 58dd7d1b27887414a370fcccb9e645c08ffd7a6a
  ios_user_defaults: c8f97ea68b382946cedc404a4a935d1076380f94

PODFILE CHECKSUM: b6a0a141693093b304368d08511b46cf3d1d0ac5

COCOAPODS: 1.7.2
